
Microsoft Visual Studio Solution File, Format Version 12.00
# Visual Studio Version 16
VisualStudioVersion = 16.0.30611.23
MinimumVisualStudioVersion = 10.0.40219.1
Project("{8BC9CEB8-8B4A-11D0-8D11-00A0C91BC942}") = "LabC1-Lists", "LabC1-Lists.vcxproj", "{5763D062-52DC-4E19-B8ED-5B2248CFD80B}"
EndProject
Global
	GlobalSection(SolutionConfigurationPlatforms) = preSolution
		Debug|x64 = Debug|x64
		Debug|x86 = Debug|x86
		Release|x64 = Release|x64
		Release|x86 = Release|x86
	EndGlobalSection
	GlobalSection(ProjectConfigurationPlatforms) = postSolution
		{5763D062-52DC-4E19-B8ED-5B2248CFD80B}.Debug|x64.ActiveCfg = Debug|x64
		{5763D062-52DC-4E19-B8ED-5B2248CFD80B}.Debug|x64.Build.0 = Debug|x64
		{5763D062-52DC-4E19-B8ED-5B2248CFD80B}.Debug|x86.ActiveCfg = Debug|Win32
		{5763D062-52DC-4E19-B8ED-5B2248CFD80B}.Debug|x86.Build.0 = Debug|Win32
		{5763D062-52DC-4E19-B8ED-5B2248CFD80B}.Release|x64.ActiveCfg = Release|x64
		{5763D062-52DC-4E19-B8ED-5B2248CFD80B}.Release|x64.Build.0 = Release|x64
		{5763D062-52DC-4E19-B8ED-5B2248CFD80B}.Release|x86.ActiveCfg = Release|Win32
		{5763D062-52DC-4E19-B8ED-5B2248CFD80B}.Release|x86.Build.0 = Release|Win32
	EndGlobalSection
	GlobalSection(SolutionProperties) = preSolution
		HideSolutionNode = FALSE
	EndGlobalSection
	GlobalSection(ExtensibilityGlobals) = postSolution
		SolutionGuid = {3F139CF5-23D9-4C13-B489-A8108C92CA0B}
	EndGlobalSection
EndGlobal
